{
  "version": 4,
  "terraform_version": "1.8.0",
  "serial": 379,
  "lineage": "f0db9e15-6686-a718-b057-61f948f5d921",
  "outputs": {},
  "resources": [
    {
      "mode": "managed",
      "type": "aws_dynamodb_table",
      "name": "terraform_locks",
      "provider": "provider[\"registry.terraform.io/hashicorp/aws\"].Infrastructure",
      "instances": [
        {
          "schema_version": 1,
          "attributes": {
            "arn": "arn:aws:dynamodb:us-east-1:211125559094:table/tfstate05122025",
            "attribute": [
              {
                "name": "LockID",
                "type": "S"
              }
            ],
            "billing_mode": "PAY_PER_REQUEST",
            "deletion_protection_enabled": false,
            "global_secondary_index": [],
            "hash_key": "LockID",
            "id": "tfstate05122025",
            "import_table": [],
            "local_secondary_index": [],
            "name": "tfstate05122025",
            "point_in_time_recovery": [
              {
                "enabled": false
              }
            ],
            "range_key": null,
            "read_capacity": 0,
            "replica": [],
            "restore_date_time": null,
            "restore_source_name": null,
            "restore_to_latest_time": null,
            "server_side_encryption": [],
            "stream_arn": "",
            "stream_enabled": false,
            "stream_label": "",
            "stream_view_type": "",
            "table_class": "STANDARD",
            "tags": null,
            "tags_all": {},
            "timeouts": null,
            "ttl": [
              {
                "attribute_name": "",
                "enabled": false
              }
            ],
            "write_capacity": 0
          },
          "sensitive_attributes": [],
          "private": "eyJlMmJmYjczMC1lY2FhLTExZTYtOGY4OC0zNDM2M2JjN2M0YzAiOnsiY3JlYXRlIjoxODAwMDAwMDAwMDAwLCJkZWxldGUiOjYwMDAwMDAwMDAwMCwidXBkYXRlIjozNjAwMDAwMDAwMDAwfSwic2NoZW1hX3ZlcnNpb24iOiIxIn0="
        }
      ]
    },
    {
      "mode": "managed",
      "type": "aws_s3_bucket",
      "name": "terraform_state",
      "provider": "provider[\"registry.terraform.io/hashicorp/aws\"].Infrastructure",
      "instances": [
        {
          "schema_version": 0,
          "attributes": {
            "acceleration_status": "",
            "acl": null,
            "arn": "arn:aws:s3:::tfstate05122025",
            "bucket": "tfstate05122025",
            "bucket_domain_name": "tfstate05122025.s3.amazonaws.com",
            "bucket_prefix": "",
            "bucket_regional_domain_name": "tfstate05122025.s3.us-east-1.amazonaws.com",
            "cors_rule": [],
            "force_destroy": true,
            "grant": [
              {
                "id": "199971341514ff61f15c0f99b6e125d078ead58eb09710cd2cef6c056659a275",
                "permissions": [
                  "FULL_CONTROL"
                ],
                "type": "CanonicalUser",
                "uri": ""
              }
            ],
            "hosted_zone_id": "Z3AQBSTGFYJSTF",
            "id": "tfstate05122025",
            "lifecycle_rule": [],
            "logging": [],
            "object_lock_configuration": [],
            "object_lock_enabled": false,
            "policy": "",
            "region": "us-east-1",
            "replication_configuration": [],
            "request_payer": "BucketOwner",
            "server_side_encryption_configuration": [
              {
                "rule": [
                  {
                    "apply_server_side_encryption_by_default": [
                      {
                        "kms_master_key_id": "",
                        "sse_algorithm": "AES256"
                      }
                    ],
                    "bucket_key_enabled": false
                  }
                ]
              }
            ],
            "tags": null,
            "tags_all": {},
            "timeouts": null,
            "versioning": [
              {
                "enabled": false,
                "mfa_delete": false
              }
            ],
            "website": [],
            "website_domain": null,
            "website_endpoint": null
          },
          "sensitive_attributes": [],
          "private": "eyJlMmJmYjczMC1lY2FhLTExZTYtOGY4OC0zNDM2M2JjN2M0YzAiOnsiY3JlYXRlIjoxMjAwMDAwMDAwMDAwLCJkZWxldGUiOjM2MDAwMDAwMDAwMDAsInJlYWQiOjEyMDAwMDAwMDAwMDAsInVwZGF0ZSI6MTIwMDAwMDAwMDAwMH19"
        }
      ]
    },
    {
      "mode": "managed",
      "type": "aws_s3_bucket_versioning",
      "name": "terraform_state",
      "provider": "provider[\"registry.terraform.io/hashicorp/aws\"].Infrastructure",
      "instances": [
        {
          "schema_version": 0,
          "attributes": {
            "bucket": "tfstate05122025",
            "expected_bucket_owner": "",
            "id": "tfstate05122025",
            "mfa": null,
            "versioning_configuration": [
              {
                "mfa_delete": "",
                "status": "Enabled"
              }
            ]
          },
          "sensitive_attributes": [],
          "private": "bnVsbA==",
          "dependencies": [
            "aws_s3_bucket.terraform_state"
          ]
        }
      ]
    },
    {
      "mode": "managed",
      "type": "local_file",
      "name": "create-backend-file",
      "provider": "provider[\"registry.terraform.io/hashicorp/local\"]",
      "instances": [
        {
          "schema_version": 0,
          "attributes": {
            "content": "bucket         = \"tfstate05122025\" \ndynamodb_table = \"tfstate05122025\" \nregion         = \"us-east-1\"\nencrypt        = \"true\"\n",
            "content_base64": null,
            "content_base64sha256": "Vx9JEF1HLil0ECYuNYW+0t+v5IugnwLj5LlBdKI4MxI=",
            "content_base64sha512": "B5DZKwRSQ9OTJlgs7Bjngt7MSWm4VIrjILTk5Vo+i69ZIMTot5V12l5m6YacXICSkUIGRFF3ukphl9wpiqDSKQ==",
            "content_md5": "2eb19fa4ca9b39fb6039878e92d49785",
            "content_sha1": "d539bcd0e73932d659e5df01ed4c01255047a9e6",
            "content_sha256": "571f49105d472e297410262e3585bed2dfafe48ba09f02e3e4b94174a2383312",
            "content_sha512": "0790d92b045243d39326582cec18e782decc4969b8548ae320b4e4e55a3e8baf5920c4e8b79575da5e66e9869c5c8092914206445177ba4a6197dc298aa0d229",
            "directory_permission": "0777",
            "file_permission": "0777",
            "filename": "../../global/tf-state/backend.hcl",
            "id": "d539bcd0e73932d659e5df01ed4c01255047a9e6",
            "sensitive_content": null,
            "source": null
          },
          "sensitive_attributes": [
            [
              {
                "type": "get_attr",
                "value": "sensitive_content"
              }
            ]
          ]
        }
      ]
    },
    {
      "mode": "managed",
      "type": "local_file",
      "name": "exportbackend-to-global-variables",
      "provider": "provider[\"registry.terraform.io/hashicorp/local\"]",
      "instances": [
        {
          "schema_version": 0,
          "attributes": {
            "content": "variable \"backendname\" {\n  default = \"tfstate05122025\"   \n}\n",
            "content_base64": null,
            "content_base64sha256": "JtbdQ9uAAjS8pXdsjvhgSHJUPfbOrjhXKiCipmLnUZ4=",
            "content_base64sha512": "b4VEmnMDC03CTkMLEo8pen9shSECiUnbyR/v8s+MDWtAr6oX319gs8mWWUIp44Kbov4xnP5OW4uCiWq2PC4KZg==",
            "content_md5": "3dd09de220d573ee5bdbf955d6339e12",
            "content_sha1": "bb975e597c95dbc0b505695045b93e0aa07af643",
            "content_sha256": "26d6dd43db800234bca5776c8ef8604872543df6ceae38572a20a2a662e7519e",
            "content_sha512": "6f85449a73030b4dc24e430b128f297a7f6c8521028949dbc91feff2cf8c0d6b40afaa17df5f60b3c996594229e3829ba2fe319cfe4e5b8b82896ab63c2e0a66",
            "directory_permission": "0777",
            "file_permission": "0777",
            "filename": "../../global/variables/backendname-var.tf",
            "id": "bb975e597c95dbc0b505695045b93e0aa07af643",
            "sensitive_content": null,
            "source": null
          },
          "sensitive_attributes": [
            [
              {
                "type": "get_attr",
                "value": "sensitive_content"
              }
            ]
          ]
        }
      ]
    }
  ],
  "check_results": null
}
